// !$*UTF8*$!
{
	archiveVersion = 1;
	classes = {
	};
	objectVersion = 50;
	objects = {

/* Begin PBXBuildFile section */
		BADE090C22519C5F00BCB400 /* AppDelegate.swift in Sources */ = {isa = PBXBuildFile; fileRef = BADE090B22519C5F00BCB400 /* AppDelegate.swift */; };
		BADE090E22519C5F00BCB400 /* ViewController.swift in Sources */ = {isa = PBXBuildFile; fileRef = BADE090D22519C5F00BCB400 /* ViewController.swift */; };
		BADE091122519C5F00BCB400 /* Main.storyboard in Resources */ = {isa = PBXBuildFile; fileRef = BADE090F22519C5F00BCB400 /* Main.storyboard */; };
		BADE091322519C6000BCB400 /* Assets.xcassets in Resources */ = {isa = PBXBuildFile; fileRef = BADE091222519C6000BCB400 /* Assets.xcassets */; };
		BADE091622519C6000BCB400 /* LaunchScreen.storyboard in Resources */ = {isa = PBXBuildFile; fileRef = BADE091422519C6000BCB400 /* LaunchScreen.storyboard */; };
		BADE092122519C6000BCB400 /* FirstProjectTests.swift in Sources */ = {isa = PBXBuildFile; fileRef = BADE092022519C6000BCB400 /* FirstProjectTests.swift */; };
		BADE092C22519C6000BCB400 /* FirstProjectUITests.swift in Sources */ = {isa = PBXBuildFile; fileRef = BADE092B22519C6000BCB400 /* FirstProjectUITests.swift */; };
/* End PBXBuildFile section */

/* Begin PBXContainerItemProxy section */
		BADE091D22519C6000BCB400 /* PBXContainerItemProxy */ = {
			isa = PBXContainerItemProxy;
			containerPortal = BADE090022519C5F00BCB400 /* Project object */;
			proxyType = 1;
			remoteGlobalIDString = BADE090722519C5F00BCB400;
			remoteInfo = FirstProject;
		};
		BADE092822519C6000BCB400 /* PBXContainerItemProxy */ = {
			isa = PBXContainerItemProxy;
			containerPortal = BADE090022519C5F00BCB400 /* Project object */;
			proxyType = 1;
			remoteGlobalIDString = BADE090722519C5F00BCB400;
			remoteInfo = FirstProject;
		};
/* End PBXContainerItemProxy section */

/* Begin PBXFileReference section */
		BADE090822519C5F00BCB400 /* FirstProject.app */ = {isa = PBXFileReference; explicitFileType = wrapper.application; includeInIndex = 0; path = FirstProject.app; sourceTree = BUILT_PRODUCTS_DIR; };
		BADE090B22519C5F00BCB400 /* AppDelegate.swift */ = {isa = PBXFileReference; lastKnownFileType = sourcecode.swift; path = AppDelegate.swift; sourceTree = "<group>"; };
		BADE090D22519C5F00BCB400 /* ViewController.swift */ = {isa = PBXFileReference; lastKnownFileType = sourcecode.swift; path = ViewController.swift; sourceTree = "<group>"; };
		BADE091022519C5F00BCB400 /* Base */ = {isa = PBXFileReference; lastKnownFileType = file.storyboard; name = Base; path = Base.lproj/Main.storyboard; sourceTree = "<group>"; };
		BADE091222519C6000BCB400 /* Assets.xcassets */ = {isa = PBXFileReference; lastKnownFileType = folder.assetcatalog; path = Assets.xcassets; sourceTree = "<group>"; };
		BADE091522519C6000BCB400 /* Base */ = {isa = PBXFileReference; lastKnownFileType = file.storyboard; name = Base; path = Base.lproj/LaunchScreen.storyboard; sourceTree = "<group>"; };
		BADE091722519C6000BCB400 /* Info.plist */ = {isa = PBXFileReference; lastKnownFileType = text.plist.xml; path = Info.plist; sourceTree = "<group>"; };
		BADE091C22519C6000BCB400 /* FirstProjectTests.xctest */ = {isa = PBXFileReference; explicitFileType = wrapper.cfbundle; includeInIndex = 0; path = FirstProjectTests.xctest; sourceTree = BUILT_PRODUCTS_DIR; };
		BADE092022519C6000BCB400 /* FirstProjectTests.swift */ = {isa = PBXFileReference; lastKnownFileType = sourcecode.swift; path = FirstProjectTests.swift; sourceTree = "<group>"; };
		BADE092222519C6000BCB400 /* Info.plist */ = {isa = PBXFileReference; lastKnownFileType = text.plist.xml; path = Info.plist; sourceTree = "<group>"; };
		BADE092722519C6000BCB400 /* FirstProjectUITests.xctest */ = {isa = PBXFileReference; explicitFileType = wrapper.cfbundle; includeInIndex = 0; path = FirstProjectUITests.xctest; sourceTree = BUILT_PRODUCTS_DIR; };
		BADE092B22519C6000BCB400 /* FirstProjectUITests.swift */ = {isa = PBXFileReference; lastKnownFileType = sourcecode.swift; path = FirstProjectUITests.swift; sourceTree = "<group>"; };
		BADE092D22519C6000BCB400 /* Info.plist */ = {isa = PBXFileReference; lastKnownFileType = text.plist.xml; path = Info.plist; sourceTree = "<group>"; };
/* End PBXFileReference section */

/* Begin PBXFrameworksBuildPhase section */
		BADE090522519C5F00BCB400 /* Frameworks */ = {
			isa = PBXFrameworksBuildPhase;
			buildActionMask = 2147483647;
			files = (
			);
			runOnlyForDeploymentPostprocessing = 0;
		};
		BADE091922519C6000BCB400 /* Frameworks */ = {
			isa = PBXFrameworksBuildPhase;
			buildActionMask = 2147483647;
			files = (
			);
			runOnlyForDeploymentPostprocessing = 0;
		};
		BADE092422519C6000BCB400 /* Frameworks */ = {
			isa = PBXFrameworksBuildPhase;
			buildActionMask = 2147483647;
			files = (
			);
			runOnlyForDeploymentPostprocessing = 0;
		};
/* End PBXFrameworksBuildPhase section */

/* Begin PBXGroup section */
		BADE08FF22519C5F00BCB400 = {
			isa = PBXGroup;
			children = (
				BADE090A22519C5F00BCB400 /* FirstProject */,
				BADE091F22519C6000BCB400 /* FirstProjectTests */,
				BADE092A22519C6000BCB400 /* FirstProjectUITests */,
				BADE090922519C5F00BCB400 /* Products */,
			);
			sourceTree = "<group>";
		};
		BADE090922519C5F00BCB400 /* Products */ = {
			isa = PBXGroup;
			children = (
				BADE090822519C5F00BCB400 /* FirstProject.app */,
				BADE091C22519C6000BCB400 /* FirstProjectTests.xctest */,
				BADE092722519C6000BCB400 /* FirstProjectUITests.xctest */,
			);
			name = Products;
			sourceTree = "<group>";
		};
		BADE090A22519C5F00BCB400 /* FirstProject */ = {
			isa = PBXGroup;
			children = (
				BADE090B22519C5F00BCB400 /* AppDelegate.swift */,
				BADE090D22519C5F00BCB400 /* ViewController.swift */,
				BADE090F22519C5F00BCB400 /* Main.storyboard */,
				BADE091222519C6000BCB400 /* Assets.xcassets */,
				BADE091422519C6000BCB400 /* LaunchScreen.storyboard */,
				BADE091722519C6000BCB400 /* Info.plist */,
			);
			path = FirstProject;
			sourceTree = "<group>";
		};
		BADE091F22519C6000BCB400 /* FirstProjectTests */ = {
			isa = PBXGroup;
			children = (
				BADE092022519C6000BCB400 /* FirstProjectTests.swift */,
				BADE092222519C6000BCB400 /* Info.plist */,
			);
			path = FirstProjectTests;
			sourceTree = "<group>";
		};
		BADE092A22519C6000BCB400 /* FirstProjectUITests */ = {
			isa = PBXGroup;
			children = (
				BADE092B22519C6000BCB400 /* FirstProjectUITests.swift */,
				BADE092D22519C6000BCB400 /* Info.plist */,
			);
			path = FirstProjectUITests;
			sourceTree = "<group>";
		};
/* End PBXGroup section */

/* Begin PBXNativeTarget section */
		BADE090722519C5F00BCB400 /* FirstProject */ = {
			isa = PBXNativeTarget;
			buildConfigurationList = BADE093022519C6000BCB400 /* Build configuration list for PBXNativeTarget "FirstProject" */;
			buildPhases = (
				BADE090422519C5F00BCB400 /* Sources */,
				BADE090522519C5F00BCB400 /* Frameworks */,
				BADE090622519C5F00BCB400 /* Resources */,
			);
			buildRules = (
			);
			dependencies = (
			);
			name = FirstProject;
			productName = FirstProject;
			productReference = BADE090822519C5F00BCB400 /* FirstProject.app */;
			productType = "com.apple.product-type.application";
		};
		BADE091B22519C6000BCB400 /* FirstProjectTests */ = {
			isa = PBXNativeTarget;
			buildConfigurationList = BADE093322519C6000BCB400 /* Build configuration list for PBXNativeTarget "FirstProjectTests" */;
			buildPhases = (
				BADE091822519C6000BCB400 /* Sources */,
				BADE091922519C6000BCB400 /* Frameworks */,
				BADE091A22519C6000BCB400 /* Resources */,
			);
			buildRules = (
			);
			dependencies = (
				BADE091E22519C6000BCB400 /* PBXTargetDependency */,
			);
			name = FirstProjectTests;
			productName = FirstProjectTests;
			productReference = BADE091C22519C6000BCB400 /* FirstProjectTests.xctest */;
			productType = "com.apple.product-type.bundle.unit-test";
		};
		BADE092622519C6000BCB400 /* FirstProjectUITests */ = {
			isa = PBXNativeTarget;
			buildConfigurationList = BADE093622519C6000BCB400 /* Build configuration list for PBXNativeTarget "FirstProjectUITests" */;
			buildPhases = (
				BADE092322519C6000BCB400 /* Sources */,
				BADE092422519C6000BCB400 /* Frameworks */,
				BADE092522519C6000BCB400 /* Resources */,
			);
			buildRules = (
			);
			dependencies = (
				BADE092922519C6000BCB400 /* PBXTargetDependency */,
			);
			name = FirstProjectUITests;
			productName = FirstProjectUITests;
			productReference = BADE092722519C6000BCB400 /* FirstProjectUITests.xctest */;
			productType = "com.apple.product-type.bundle.ui-testing";
		};
/* End PBXNativeTarget section */

/* Begin PBXProject section */
		BADE090022519C5F00BCB400 /* Project object */ = {
			isa = PBXProject;
			attributes = {
				LastSwiftUpdateCheck = 1020;
				LastUpgradeCheck = 1020;
				ORGANIZATIONNAME = "Gregory Steenhagen";
				TargetAttributes = {
					BADE090722519C5F00BCB400 = {
						CreatedOnToolsVersion = 10.2;
					};
					BADE091B22519C6000BCB400 = {
						CreatedOnToolsVersion = 10.2;
						TestTargetID = BADE090722519C5F00BCB400;
					};
					BADE092622519C6000BCB400 = {
						CreatedOnToolsVersion = 10.2;
						TestTargetID = BADE090722519C5F00BCB400;
					};
				};
			};
			buildConfigurationList = BADE090322519C5F00BCB400 /* Build configuration list for PBXProject "FirstProject" */;
			compatibilityVersion = "Xcode 9.3";
			developmentRegion = en;
			hasScannedForEncodings = 0;
			knownRegions = (
				en,
				Base,
			);
			mainGroup = BADE08FF22519C5F00BCB400;
			productRefGroup = BADE090922519C5F00BCB400 /* Products */;
			projectDirPath = "";
			projectRoot = "";
			targets = (
				BADE090722519C5F00BCB400 /* FirstProject */,
				BADE091B22519C6000BCB400 /* FirstProjectTests */,
				BADE092622519C6000BCB400 /* FirstProjectUITests */,
			);
		};
/* End PBXProject section */

/* Begin PBXResourcesBuildPhase section */
		BADE090622519C5F00BCB400 /* Resources */ = {
			isa = PBXResourcesBuildPhase;
			buildActionMask = 2147483647;
			files = (
				BADE091622519C6000BCB400 /* LaunchScreen.storyboard in Resources */,
				BADE091322519C6000BCB400 /* Assets.xcassets in Resources */,
				BADE091122519C5F00BCB400 /* Main.storyboard in Resources */,
			);
			runOnlyForDeploymentPostprocessing = 0;
		};
		BADE091A22519C6000BCB400 /* Resources */ = {
			isa = PBXResourcesBuildPhase;
			buildActionMask = 2147483647;
			files = (
			);
			runOnlyForDeploymentPostprocessing = 0;
		};
		BADE092522519C6000BCB400 /* Resources */ = {
			isa = PBXResourcesBuildPhase;
			buildActionMask = 2147483647;
			files = (
			);
			runOnlyForDeploymentPostprocessing = 0;
		};
/* End PBXResourcesBuildPhase section */

/* Begin PBXSourcesBuildPhase section */
		BADE090422519C5F00BCB400 /* Sources */ = {
			isa = PBXSourcesBuildPhase;
			buildActionMask = 2147483647;
			files = (
				BADE090E22519C5F00BCB400 /* ViewController.swift in Sources */,
				BADE090C22519C5F00BCB400 /* AppDelegate.swift in Sources */,
			);
			runOnlyForDeploymentPostprocessing = 0;
		};
		BADE091822519C6000BCB400 /* Sources */ = {
			isa = PBXSourcesBuildPhase;
			buildActionMask = 2147483647;
			files = (
				BADE092122519C6000BCB400 /* FirstProjectTests.swift in Sources */,
			);
			runOnlyForDeploymentPostprocessing = 0;
		};
		BADE092322519C6000BCB400 /* Sources */ = {
			isa = PBXSourcesBuildPhase;
			buildActionMask = 2147483647;
			files = (
				BADE092C22519C6000BCB400 /* FirstProjectUITests.swift in Sources */,
			);
			runOnlyForDeploymentPostprocessing = 0;
		};
/* End PBXSourcesBuildPhase section */

/* Begin PBXTargetDependency section */
		BADE091E22519C6000BCB400 /* PBXTargetDependency */ = {
			isa = PBXTargetDependency;
			target = BADE090722519C5F00BCB400 /* FirstProject */;
			targetProxy = BADE091D22519C6000BCB400 /* PBXContainerItemProxy */;
		};
		BADE092922519C6000BCB400 /* PBXTargetDependency */ = {
			isa = PBXTargetDependency;
			target = BADE090722519C5F00BCB400 /* FirstProject */;
			targetProxy = BADE092822519C6000BCB400 /* PBXContainerItemProxy */;
		};
/* End PBXTargetDependency section */

/* Begin PBXVariantGroup section */
		BADE090F22519C5F00BCB400 /* Main.storyboard */ = {
			isa = PBXVariantGroup;
			children = (
				BADE091022519C5F00BCB400 /* Base */,
			);
			name = Main.storyboard;
			sourceTree = "<group>";
		};
		BADE091422519C6000BCB400 /* LaunchScreen.storyboard */ = {
			isa = PBXVariantGroup;
			children = (
				BADE091522519C6000BCB400 /* Base */,
			);
			name = LaunchScreen.storyboard;
			sourceTree = "<group>";
		};
/* End PBXVariantGroup section */

/* Begin XCBuildConfiguration section */
		BADE092E22519C6000BCB400 /* Debug */ = {
			isa = XCBuildConfiguration;
			buildSettings = {
				ALWAYS_SEARCH_USER_PATHS = NO;
				CLANG_ANALYZER_NONNULL = YES;
				CLANG_ANALYZER_NUMBER_OBJECT_CONVERSION = YES_AGGRESSIVE;
				CLANG_CXX_LANGUAGE_STANDARD = "gnu++14";
				CLANG_CXX_LIBRARY = "libc++";
				CLANG_ENABLE_MODULES = YES;
				CLANG_ENABLE_OBJC_ARC = YES;
				CLANG_ENABLE_OBJC_WEAK = YES;
				CLANG_WARN_BLOCK_CAPTURE_AUTORELEASING = YES;
				CLANG_WARN_BOOL_CONVERSION = YES;
				CLANG_WARN_COMMA = YES;
				CLANG_WARN_CONSTANT_CONVERSION = YES;
				CLANG_WARN_DEPRECATED_OBJC_IMPLEMENTATIONS = YES;
				CLANG_WARN_DIRECT_OBJC_ISA_USAGE = YES_ERROR;
				CLANG_WARN_DOCUMENTATION_COMMENTS = YES;
				CLANG_WARN_EMPTY_BODY = YES;
				CLANG_WARN_ENUM_CONVERSION = YES;
				CLANG_WARN_INFINITE_RECURSION = YES;
				CLANG_WARN_INT_CONVERSION = YES;
				CLANG_WARN_NON_LITERAL_NULL_CONVERSION = YES;
				CLANG_WARN_OBJC_IMPLICIT_RETAIN_SELF = YES;
				CLANG_WARN_OBJC_LITERAL_CONVERSION = YES;
				CLANG_WARN_OBJC_ROOT_CLASS = YES_ERROR;
				CLANG_WARN_RANGE_LOOP_ANALYSIS = YES;
				CLANG_WARN_STRICT_PROTOTYPES = YES;
				CLANG_WARN_SUSPICIOUS_MOVE = YES;
				CLANG_WARN_UNGUARDED_AVAILABILITY = YES_AGGRESSIVE;
				CLANG_WARN_UNREACHABLE_CODE = YES;
				CLANG_WARN__DUPLICATE_METHOD_MATCH = YES;
				CODE_SIGN_IDENTITY = "iPhone Developer";
				COPY_PHASE_STRIP = NO;
				DEBUG_INFORMATION_FORMAT = dwarf;
				ENABLE_STRICT_OBJC_MSGSEND = YES;
				ENABLE_TESTABILITY = YES;
				GCC_C_LANGUAGE_STANDARD = gnu11;
				GCC_DYNAMIC_NO_PIC = NO;
				GCC_NO_COMMON_BLOCKS = YES;
				GCC_OPTIMIZATION_LEVEL = 0;
				GCC_PREPROCESSOR_DEFINITIONS = (
					"DEBUG=1",
					"$(inherited)",
				);
				GCC_WARN_64_TO_32_BIT_CONVERSION = YES;
				GCC_WARN_ABOUT_RETURN_TYPE = YES_ERROR;
				GCC_WARN_UNDECLARED_SELECTOR = YES;
				GCC_WARN_UNINITIALIZED_AUTOS = YES_AGGRESSIVE;
				GCC_WARN_UNUSED_FUNCTION = YES;
				GCC_WARN_UNUSED_VARIABLE = YES;
				IPHONEOS_DEPLOYMENT_TARGET = 12.2;
				MTL_ENABLE_DEBUG_INFO = INCLUDE_SOURCE;
				MTL_FAST_MATH = YES;
				ONLY_ACTIVE_ARCH = YES;
				SDKROOT = iphoneos;
				SWIFT_ACTIVE_COMPILATION_CONDITIONS = DEBUG;
				SWIFT_OPTIMIZATION_LEVEL = "-Onone";
			};
			name = Debug;
		};
		BADE092F22519C6000BCB400 /* Release */ = {
			isa = XCBuildConfiguration;
			buildSettings = {
				ALWAYS_SEARCH_USER_PATHS = NO;
				CLANG_ANALYZER_NONNULL = YES;
				CLANG_ANALYZER_NUMBER_OBJECT_CONVERSION = YES_AGGRESSIVE;
				CLANG_CXX_LANGUAGE_STANDARD = "gnu++14";
				CLANG_CXX_LIBRARY = "libc++";
				CLANG_ENABLE_MODULES = YES;
				CLANG_ENABLE_OBJC_ARC = YES;
				CLANG_ENABLE_OBJC_WEAK = YES;
				CLANG_WARN_BLOCK_CAPTURE_AUTORELEASING = YES;
				CLANG_WARN_BOOL_CONVERSION = YES;
				CLANG_WARN_COMMA = YES;
				CLANG_WARN_CONSTANT_CONVERSION = YES;
				CLANG_WARN_DEPRECATED_OBJC_IMPLEMENTATIONS = YES;
				CLANG_WARN_DIRECT_OBJC_ISA_USAGE = YES_ERROR;
				CLANG_WARN_DOCUMENTATION_COMMENTS = YES;
				CLANG_WARN_EMPTY_BODY = YES;
				CLANG_WARN_ENUM_CONVERSION = YES;
				CLANG_WARN_INFINITE_RECURSION = YES;
				CLANG_WARN_INT_CONVERSION = YES;
				CLANG_WARN_NON_LITERAL_NULL_CONVERSION = YES;
				CLANG_WARN_OBJC_IMPLICIT_RETAIN_SELF = YES;
				CLANG_WARN_OBJC_LITERAL_CONVERSION = YES;
				CLANG_WARN_OBJC_ROOT_CLASS = YES_ERROR;
				CLANG_WARN_RANGE_LOOP_ANALYSIS = YES;
				CLANG_WARN_STRICT_PROTOTYPES = YES;
				CLANG_WARN_SUSPICIOUS_MOVE = YES;
				CLANG_WARN_UNGUARDED_AVAILABILITY = YES_AGGRESSIVE;
				CLANG_WARN_UNREACHABLE_CODE = YES;
				CLANG_WARN__DUPLICATE_METHOD_MATCH = YES;
				CODE_SIGN_IDENTITY = "iPhone Developer";
				COPY_PHASE_STRIP = NO;
				DEBUG_INFORMATION_FORMAT = "dwarf-with-dsym";
				ENABLE_NS_ASSERTIONS = NO;
				ENABLE_STRICT_OBJC_MSGSEND = YES;
				GCC_C_LANGUAGE_STANDARD = gnu11;
				GCC_NO_COMMON_BLOCKS = YES;
				GCC_WARN_64_TO_32_BIT_CONVERSION = YES;
				GCC_WARN_ABOUT_RETURN_TYPE = YES_ERROR;
				GCC_WARN_UNDECLARED_SELECTOR = YES;
				GCC_WARN_UNINITIALIZED_AUTOS = YES_AGGRESSIVE;
				GCC_WARN_UNUSED_FUNCTION = YES;
				GCC_WARN_UNUSED_VARIABLE = YES;
				IPHONEOS_DEPLOYMENT_TARGET = 12.2;
				MTL_ENABLE_DEBUG_INFO = NO;
				MTL_FAST_MATH = YES;
				SDKROOT = iphoneos;
				SWIFT_COMPILATION_MODE = wholemodule;
				SWIFT_OPTIMIZATION_LEVEL = "-O";
				VALIDATE_PRODUCT = YES;
			};
			name = Release;
		};
		BADE093122519C6000BCB400 /* Debug */ = {
			isa = XCBuildConfiguration;
			buildSettings = {
				ASSETCATALOG_COMPILER_APPICON_NAME = AppIcon;
				CODE_SIGN_STYLE = Automatic;
				INFOPLIST_FILE = FirstProject/Info.plist;
				LD_RUNPATH_SEARCH_PATHS = (
					"$(inherited)",
					"@executable_path/Frameworks",
				);
				PRODUCT_BUNDLE_IDENTIFIER = StonestreetSoftware.FirstProject;
				PRODUCT_NAME = "$(TARGET_NAME)";
				SWIFT_VERSION = 5.0;
				TARGETED_DEVICE_FAMILY = "1,2";
			};
			name = Debug;
		};
		BADE093222519C6000BCB400 /* Release */ = {
			isa = XCBuildConfiguration;
			buildSettings = {
				ASSETCATALOG_COMPILER_APPICON_NAME = AppIcon;
				CODE_SIGN_STYLE = Automatic;
				INFOPLIST_FILE = FirstProject/Info.plist;
				LD_RUNPATH_SEARCH_PATHS = (
					"$(inherited)",
					"@executable_path/Frameworks",
				);
				PRODUCT_BUNDLE_IDENTIFIER = StonestreetSoftware.FirstProject;
				PRODUCT_NAME = "$(TARGET_NAME)";
				SWIFT_VERSION = 5.0;
				TARGETED_DEVICE_FAMILY = "1,2";
			};
			name = Release;
		};
		BADE093422519C6000BCB400 /* Debug */ = {
			isa = XCBuildConfiguration;
			buildSettings = {
				ALWAYS_EMBED_SWIFT_STANDARD_LIBRARIES = YES;
				BUNDLE_LOADER = "$(TEST_HOST)";
				CODE_SIGN_STYLE = Automatic;
				INFOPLIST_FILE = FirstProjectTests/Info.plist;
				LD_RUNPATH_SEARCH_PATHS = (
					"$(inherited)",
					"@executable_path/Frameworks",
					"@loader_path/Frameworks",
				);
				PRODUCT_BUNDLE_IDENTIFIER = StonestreetSoftware.FirstProjectTests;
				PRODUCT_NAME = "$(TARGET_NAME)";
				SWIFT_VERSION = 5.0;
				TARGETED_DEVICE_FAMILY = "1,2";
				TEST_HOST = "$(BUILT_PRODUCTS_DIR)/FirstProject.app/FirstProject";
			};
			name = Debug;
		};
		BADE093522519C6000BCB400 /* Release */ = {
			isa = XCBuildConfiguration;
			buildSettings = {
				ALWAYS_EMBED_SWIFT_STANDARD_LIBRARIES = YES;
				BUNDLE_LOADER = "$(TEST_HOST)";
				CODE_SIGN_STYLE = Automatic;
				INFOPLIST_FILE = FirstProjectTests/Info.plist;
				LD_RUNPATH_SEARCH_PATHS = (
					"$(inherited)",
					"@executable_path/Frameworks",
					"@loader_path/Frameworks",
				);
				PRODUCT_BUNDLE_IDENTIFIER = StonestreetSoftware.FirstProjectTests;
				PRODUCT_NAME = "$(TARGET_NAME)";
				SWIFT_VERSION = 5.0;
				TARGETED_DEVICE_FAMILY = "1,2";
				TEST_HOST = "$(BUILT_PRODUCTS_DIR)/FirstProject.app/FirstProject";
			};
			name = Release;
		};
		BADE093722519C6000BCB400 /* Debug */ = {
			isa = XCBuildConfiguration;
			buildSettings = {
				ALWAYS_EMBED_SWIFT_STANDARD_LIBRARIES = YES;
				CODE_SIGN_STYLE = Automatic;
				INFOPLIST_FILE = FirstProjectUITests/Info.plist;
				LD_RUNPATH_SEARCH_PATHS = (
					"$(inherited)",
					"@executable_path/Frameworks",
					"@loader_path/Frameworks",
				);
				PRODUCT_BUNDLE_IDENTIFIER = StonestreetSoftware.FirstProjectUITests;
				PRODUCT_NAME = "$(TARGET_NAME)";
				SWIFT_VERSION = 5.0;
				TARGETED_DEVICE_FAMILY = "1,2";
				TEST_TARGET_NAME = FirstProject;
			};
			name = Debug;
		};
		BADE093822519C6000BCB400 /* Release */ = {
			isa = XCBuildConfiguration;
			buildSettings = {
				ALWAYS_EMBED_SWIFT_STANDARD_LIBRARIES = YES;
				CODE_SIGN_STYLE = Automatic;
				INFOPLIST_FILE = FirstProjectUITests/Info.plist;
				LD_RUNPATH_SEARCH_PATHS = (
					"$(inherited)",
					"@executable_path/Frameworks",
					"@loader_path/Frameworks",
				);
				PRODUCT_BUNDLE_IDENTIFIER = StonestreetSoftware.FirstProjectUITests;
				PRODUCT_NAME = "$(TARGET_NAME)";
				SWIFT_VERSION = 5.0;
				TARGETED_DEVICE_FAMILY = "1,2";
				TEST_TARGET_NAME = FirstProject;
			};
			name = Release;
		};
/* End XCBuildConfiguration section */

/* Begin XCConfigurationList section */
		BADE090322519C5F00BCB400 /* Build configuration list for PBXProject "FirstProject" */ = {
			isa = XCConfigurationList;
			buildConfigurations = (
				BADE092E22519C6000BCB400 /* Debug */,
				BADE092F22519C6000BCB400 /* Release */,
			);
			defaultConfigurationIsVisible = 0;
			defaultConfigurationName = Release;
		};
		BADE093022519C6000BCB400 /* Build configuration list for PBXNativeTarget "FirstProject" */ = {
			isa = XCConfigurationList;
			buildConfigurations = (
				BADE093122519C6000BCB400 /* Debug */,
				BADE093222519C6000BCB400 /* Release */,
			);
			defaultConfigurationIsVisible = 0;
			defaultConfigurationName = Release;
		};
		BADE093322519C6000BCB400 /* Build configuration list for PBXNativeTarget "FirstProjectTests" */ = {
			isa = XCConfigurationList;
			buildConfigurations = (
				BADE093422519C6000BCB400 /* Debug */,
				BADE093522519C6000BCB400 /* Release */,
			);
			defaultConfigurationIsVisible = 0;
			defaultConfigurationName = Release;
		};
		BADE093622519C6000BCB400 /* Build configuration list for PBXNativeTarget "FirstProjectUITests" */ = {
			isa = XCConfigurationList;
			buildConfigurations = (
				BADE093722519C6000BCB400 /* Debug */,
				BADE093822519C6000BCB400 /* Release */,
			);
			defaultConfigurationIsVisible = 0;
			defaultConfigurationName = Release;
		};
/* End XCConfigurationList section */
	};
	rootObject = BADE090022519C5F00BCB400 /* Project object */;
}
